
Microsoft Visual Studio Solution File, Format Version 12.00
# Visual Studio Version 16
VisualStudioVersion = 16.0.28803.452
MinimumVisualStudioVersion = 10.0.40219.1
Project("{D954291E-2A0B-460D-934E-DC6B0785DB48}") = "TouchBuddyExample.SharedProject", "TouchBuddyExample.SharedProject\TouchBuddyExample.SharedProject.shproj", "{9A5A7063-CD7E-40D4-BB31-1F3DAE4384A2}"
EndProject
Project("{FAE04EC0-301F-11D3-BF4B-00C04F79EFBC}") = "TouchBuddyExample.iOS", "TouchBuddyExample.iOS\TouchBuddyExample.iOS.csproj", "{B59B736D-402A-4023-B504-1B935C0992F9}"
EndProject
Project("{FAE04EC0-301F-11D3-BF4B-00C04F79EFBC}") = "TouchBuddyExample.Android", "TouchBuddyExample.Android\TouchBuddyExample.Android.csproj", "{8FBED562-B61F-463E-B72A-7D13B73358D4}"
EndProject
Project("{FAE04EC0-301F-11D3-BF4B-00C04F79EFBC}") = "TouchBuddyExample.WindowsUniversal", "TouchBuddyExample.WindowsUniversal\TouchBuddyExample.WindowsUniversal.csproj", "{8894FEFD-F390-4FAD-AB64-AF4C4D24582C}"
EndProject
Global
	GlobalSection(SharedMSBuildProjectFiles) = preSolution
		TouchBuddyExample.SharedProject\TouchBuddyExample.SharedProject.projitems*{8894fefd-f390-4fad-ab64-af4c4d24582c}*SharedItemsImports = 4
		TouchBuddyExample.SharedProject\TouchBuddyExample.SharedProject.projitems*{8fbed562-b61f-463e-b72a-7d13b73358d4}*SharedItemsImports = 4
		TouchBuddyExample.SharedProject\TouchBuddyExample.SharedProject.projitems*{9a5a7063-cd7e-40d4-bb31-1f3dae4384a2}*SharedItemsImports = 13
		TouchBuddyExample.SharedProject\TouchBuddyExample.SharedProject.projitems*{b59b736d-402a-4023-b504-1b935c0992f9}*SharedItemsImports = 4
	EndGlobalSection
	GlobalSection(SolutionConfigurationPlatforms) = preSolution
		Ad-Hoc|Any CPU = Ad-Hoc|Any CPU
		Ad-Hoc|ARM = Ad-Hoc|ARM
		Ad-Hoc|iPhone = Ad-Hoc|iPhone
		Ad-Hoc|iPhoneSimulator = Ad-Hoc|iPhoneSimulator
		Ad-Hoc|x64 = Ad-Hoc|x64
		Ad-Hoc|x86 = Ad-Hoc|x86
		AppStore|Any CPU = AppStore|Any CPU
		AppStore|ARM = AppStore|ARM
		AppStore|iPhone = AppStore|iPhone
		AppStore|iPhoneSimulator = AppStore|iPhoneSimulator
		AppStore|x64 = AppStore|x64
		AppStore|x86 = AppStore|x86
		Debug|Any CPU = Debug|Any CPU
		Debug|ARM = Debug|ARM
		Debug|iPhone = Debug|iPhone
		Debug|iPhoneSimulator = Debug|iPhoneSimulator
		Debug|x64 = Debug|x64
		Debug|x86 = Debug|x86
		Release|Any CPU = Release|Any CPU
		Release|ARM = Release|ARM
		Release|iPhone = Release|iPhone
		Release|iPhoneSimulator = Release|iPhoneSimulator
		Release|x64 = Release|x64
		Release|x86 = Release|x86
	EndGlobalSection
	GlobalSection(ProjectConfigurationPlatforms) = postSolution
		{B59B736D-402A-4023-B504-1B935C0992F9}.Ad-Hoc|Any CPU.ActiveCfg = Ad-Hoc|iPhoneSimulator
		{B59B736D-402A-4023-B504-1B935C0992F9}.Ad-Hoc|ARM.ActiveCfg = Ad-Hoc|iPhone
		{B59B736D-402A-4023-B504-1B935C0992F9}.Ad-Hoc|iPhone.ActiveCfg = Ad-Hoc|iPhone
		{B59B736D-402A-4023-B504-1B935C0992F9}.Ad-Hoc|iPhone.Build.0 = Ad-Hoc|iPhone
		{B59B736D-402A-4023-B504-1B935C0992F9}.Ad-Hoc|iPhoneSimulator.ActiveCfg = Ad-Hoc|iPhoneSimulator
		{B59B736D-402A-4023-B504-1B935C0992F9}.Ad-Hoc|iPhoneSimulator.Build.0 = Ad-Hoc|iPhoneSimulator
		{B59B736D-402A-4023-B504-1B935C0992F9}.Ad-Hoc|x64.ActiveCfg = Ad-Hoc|iPhone
		{B59B736D-402A-4023-B504-1B935C0992F9}.Ad-Hoc|x86.ActiveCfg = Ad-Hoc|iPhone
		{B59B736D-402A-4023-B504-1B935C0992F9}.AppStore|Any CPU.ActiveCfg = AppStore|iPhoneSimulator
		{B59B736D-402A-4023-B504-1B935C0992F9}.AppStore|ARM.ActiveCfg = AppStore|iPhone
		{B59B736D-402A-4023-B504-1B935C0992F9}.AppStore|iPhone.ActiveCfg = AppStore|iPhone
		{B59B736D-402A-4023-B504-1B935C0992F9}.AppStore|iPhone.Build.0 = AppStore|iPhone
		{B59B736D-402A-4023-B504-1B935C0992F9}.AppStore|iPhoneSimulator.ActiveCfg = AppStore|iPhoneSimulator
		{B59B736D-402A-4023-B504-1B935C0992F9}.AppStore|iPhoneSimulator.Build.0 = AppStore|iPhoneSimulator
		{B59B736D-402A-4023-B504-1B935C0992F9}.AppStore|x64.ActiveCfg = AppStore|iPhone
		{B59B736D-402A-4023-B504-1B935C0992F9}.AppStore|x86.ActiveCfg = AppStore|iPhone
		{B59B736D-402A-4023-B504-1B935C0992F9}.Debug|Any CPU.ActiveCfg = Debug|iPhoneSimulator
		{B59B736D-402A-4023-B504-1B935C0992F9}.Debug|ARM.ActiveCfg = Debug|iPhone
		{B59B736D-402A-4023-B504-1B935C0992F9}.Debug|iPhone.ActiveCfg = Debug|iPhone
		{B59B736D-402A-4023-B504-1B935C0992F9}.Debug|iPhone.Build.0 = Debug|iPhone
		{B59B736D-402A-4023-B504-1B935C0992F9}.Debug|iPhoneSimulator.ActiveCfg = Debug|iPhoneSimulator
		{B59B736D-402A-4023-B504-1B935C0992F9}.Debug|iPhoneSimulator.Build.0 = Debug|iPhoneSimulator
		{B59B736D-402A-4023-B504-1B935C0992F9}.Debug|x64.ActiveCfg = Debug|iPhone
		{B59B736D-402A-4023-B504-1B935C0992F9}.Debug|x86.ActiveCfg = Debug|iPhone
		{B59B736D-402A-4023-B504-1B935C0992F9}.Release|Any CPU.ActiveCfg = Release|iPhoneSimulator
		{B59B736D-402A-4023-B504-1B935C0992F9}.Release|ARM.ActiveCfg = Release|iPhone
		{B59B736D-402A-4023-B504-1B935C0992F9}.Release|iPhone.ActiveCfg = Release|iPhone
		{B59B736D-402A-4023-B504-1B935C0992F9}.Release|iPhone.Build.0 = Release|iPhone
		{B59B736D-402A-4023-B504-1B935C0992F9}.Release|iPhoneSimulator.ActiveCfg = Release|iPhoneSimulator
		{B59B736D-402A-4023-B504-1B935C0992F9}.Release|iPhoneSimulator.Build.0 = Release|iPhoneSimulator
		{B59B736D-402A-4023-B504-1B935C0992F9}.Release|x64.ActiveCfg = Release|iPhone
		{B59B736D-402A-4023-B504-1B935C0992F9}.Release|x86.ActiveCfg = Release|iPhone
		{8FBED562-B61F-463E-B72A-7D13B73358D4}.Ad-Hoc|Any CPU.ActiveCfg = Release|Any CPU
		{8FBED562-B61F-463E-B72A-7D13B73358D4}.Ad-Hoc|Any CPU.Build.0 = Release|Any CPU
		{8FBED562-B61F-463E-B72A-7D13B73358D4}.Ad-Hoc|Any CPU.Deploy.0 = Release|Any CPU
		{8FBED562-B61F-463E-B72A-7D13B73358D4}.Ad-Hoc|ARM.ActiveCfg = Debug|Any CPU
		{8FBED562-B61F-463E-B72A-7D13B73358D4}.Ad-Hoc|ARM.Build.0 = Debug|Any CPU
		{8FBED562-B61F-463E-B72A-7D13B73358D4}.Ad-Hoc|ARM.Deploy.0 = Debug|Any CPU
		{8FBED562-B61F-463E-B72A-7D13B73358D4}.Ad-Hoc|iPhone.ActiveCfg = Release|Any CPU
		{8FBED562-B61F-463E-B72A-7D13B73358D4}.Ad-Hoc|iPhone.Build.0 = Release|Any CPU
		{8FBED562-B61F-463E-B72A-7D13B73358D4}.Ad-Hoc|iPhone.Deploy.0 = Release|Any CPU
		{8FBED562-B61F-463E-B72A-7D13B73358D4}.Ad-Hoc|iPhoneSimulator.ActiveCfg = Release|Any CPU
		{8FBED562-B61F-463E-B72A-7D13B73358D4}.Ad-Hoc|iPhoneSimulator.Build.0 = Release|Any CPU
		{8FBED562-B61F-463E-B72A-7D13B73358D4}.Ad-Hoc|iPhoneSimulator.Deploy.0 = Release|Any CPU
		{8FBED562-B61F-463E-B72A-7D13B73358D4}.Ad-Hoc|x64.ActiveCfg = Debug|Any CPU
		{8FBED562-B61F-463E-B72A-7D13B73358D4}.Ad-Hoc|x64.Build.0 = Debug|Any CPU
		{8FBED562-B61F-463E-B72A-7D13B73358D4}.Ad-Hoc|x64.Deploy.0 = Debug|Any CPU
		{8FBED562-B61F-463E-B72A-7D13B73358D4}.Ad-Hoc|x86.ActiveCfg = Debug|Any CPU
		{8FBED562-B61F-463E-B72A-7D13B73358D4}.Ad-Hoc|x86.Build.0 = Debug|Any CPU
		{8FBED562-B61F-463E-B72A-7D13B73358D4}.Ad-Hoc|x86.Deploy.0 = Debug|Any CPU
		{8FBED562-B61F-463E-B72A-7D13B73358D4}.AppStore|Any CPU.ActiveCfg = Release|Any CPU
		{8FBED562-B61F-463E-B72A-7D13B73358D4}.AppStore|Any CPU.Build.0 = Release|Any CPU
		{8FBED562-B61F-463E-B72A-7D13B73358D4}.AppStore|Any CPU.Deploy.0 = Release|Any CPU
		{8FBED562-B61F-463E-B72A-7D13B73358D4}.AppStore|ARM.ActiveCfg = Debug|Any CPU
		{8FBED562-B61F-463E-B72A-7D13B73358D4}.AppStore|ARM.Build.0 = Debug|Any CPU
		{8FBED562-B61F-463E-B72A-7D13B73358D4}.AppStore|ARM.Deploy.0 = Debug|Any CPU
		{8FBED562-B61F-463E-B72A-7D13B73358D4}.AppStore|iPhone.ActiveCfg = Release|Any CPU
		{8FBED562-B61F-463E-B72A-7D13B73358D4}.AppStore|iPhone.Build.0 = Release|Any CPU
		{8FBED562-B61F-463E-B72A-7D13B73358D4}.AppStore|iPhone.Deploy.0 = Release|Any CPU
		{8FBED562-B61F-463E-B72A-7D13B73358D4}.AppStore|iPhoneSimulator.ActiveCfg = Release|Any CPU
		{8FBED562-B61F-463E-B72A-7D13B73358D4}.AppStore|iPhoneSimulator.Build.0 = Release|Any CPU
		{8FBED562-B61F-463E-B72A-7D13B73358D4}.AppStore|iPhoneSimulator.Deploy.0 = Release|Any CPU
		{8FBED562-B61F-463E-B72A-7D13B73358D4}.AppStore|x64.ActiveCfg = Debug|Any CPU
		{8FBED562-B61F-463E-B72A-7D13B73358D4}.AppStore|x64.Build.0 = Debug|Any CPU
		{8FBED562-B61F-463E-B72A-7D13B73358D4}.AppStore|x64.Deploy.0 = Debug|Any CPU
		{8FBED562-B61F-463E-B72A-7D13B73358D4}.AppStore|x86.ActiveCfg = Debug|Any CPU
		{8FBED562-B61F-463E-B72A-7D13B73358D4}.AppStore|x86.Build.0 = Debug|Any CPU
		{8FBED562-B61F-463E-B72A-7D13B73358D4}.AppStore|x86.Deploy.0 = Debug|Any CPU
		{8FBED562-B61F-463E-B72A-7D13B73358D4}.Debug|Any CPU.ActiveCfg = Debug|Any CPU
		{8FBED562-B61F-463E-B72A-7D13B73358D4}.Debug|Any CPU.Build.0 = Debug|Any CPU
		{8FBED562-B61F-463E-B72A-7D13B73358D4}.Debug|Any CPU.Deploy.0 = Debug|Any CPU
		{8FBED562-B61F-463E-B72A-7D13B73358D4}.Debug|ARM.ActiveCfg = Debug|Any CPU
		{8FBED562-B61F-463E-B72A-7D13B73358D4}.Debug|ARM.Build.0 = Debug|Any CPU
		{8FBED562-B61F-463E-B72A-7D13B73358D4}.Debug|ARM.Deploy.0 = Debug|Any CPU
		{8FBED562-B61F-463E-B72A-7D13B73358D4}.Debug|iPhone.ActiveCfg = Debug|Any CPU
		{8FBED562-B61F-463E-B72A-7D13B73358D4}.Debug|iPhone.Build.0 = Debug|Any CPU
		{8FBED562-B61F-463E-B72A-7D13B73358D4}.Debug|iPhone.Deploy.0 = Debug|Any CPU
		{8FBED562-B61F-463E-B72A-7D13B73358D4}.Debug|iPhoneSimulator.ActiveCfg = Debug|Any CPU
		{8FBED562-B61F-463E-B72A-7D13B73358D4}.Debug|iPhoneSimulator.Build.0 = Debug|Any CPU
		{8FBED562-B61F-463E-B72A-7D13B73358D4}.Debug|iPhoneSimulator.Deploy.0 = Debug|Any CPU
		{8FBED562-B61F-463E-B72A-7D13B73358D4}.Debug|x64.ActiveCfg = Debug|Any CPU
		{8FBED562-B61F-463E-B72A-7D13B73358D4}.Debug|x64.Build.0 = Debug|Any CPU
		{8FBED562-B61F-463E-B72A-7D13B73358D4}.Debug|x64.Deploy.0 = Debug|Any CPU
		{8FBED562-B61F-463E-B72A-7D13B73358D4}.Debug|x86.ActiveCfg = Debug|Any CPU
		{8FBED562-B61F-463E-B72A-7D13B73358D4}.Debug|x86.Build.0 = Debug|Any CPU
		{8FBED562-B61F-463E-B72A-7D13B73358D4}.Debug|x86.Deploy.0 = Debug|Any CPU
		{8FBED562-B61F-463E-B72A-7D13B73358D4}.Release|Any CPU.ActiveCfg = Release|Any CPU
		{8FBED562-B61F-463E-B72A-7D13B73358D4}.Release|Any CPU.Build.0 = Release|Any CPU
		{8FBED562-B61F-463E-B72A-7D13B73358D4}.Release|Any CPU.Deploy.0 = Release|Any CPU
		{8FBED562-B61F-463E-B72A-7D13B73358D4}.Release|ARM.ActiveCfg = Release|Any CPU
		{8FBED562-B61F-463E-B72A-7D13B73358D4}.Release|ARM.Build.0 = Release|Any CPU
		{8FBED562-B61F-463E-B72A-7D13B73358D4}.Release|ARM.Deploy.0 = Release|Any CPU
		{8FBED562-B61F-463E-B72A-7D13B73358D4}.Release|iPhone.ActiveCfg = Release|Any CPU
		{8FBED562-B61F-463E-B72A-7D13B73358D4}.Release|iPhone.Build.0 = Release|Any CPU
		{8FBED562-B61F-463E-B72A-7D13B73358D4}.Release|iPhone.Deploy.0 = Release|Any CPU
		{8FBED562-B61F-463E-B72A-7D13B73358D4}.Release|iPhoneSimulator.ActiveCfg = Release|Any CPU
		{8FBED562-B61F-463E-B72A-7D13B73358D4}.Release|iPhoneSimulator.Build.0 = Release|Any CPU
		{8FBED562-B61F-463E-B72A-7D13B73358D4}.Release|iPhoneSimulator.Deploy.0 = Release|Any CPU
		{8FBED562-B61F-463E-B72A-7D13B73358D4}.Release|x64.ActiveCfg = Release|Any CPU
		{8FBED562-B61F-463E-B72A-7D13B73358D4}.Release|x64.Build.0 = Release|Any CPU
		{8FBED562-B61F-463E-B72A-7D13B73358D4}.Release|x64.Deploy.0 = Release|Any CPU
		{8FBED562-B61F-463E-B72A-7D13B73358D4}.Release|x86.ActiveCfg = Release|Any CPU
		{8FBED562-B61F-463E-B72A-7D13B73358D4}.Release|x86.Build.0 = Release|Any CPU
		{8FBED562-B61F-463E-B72A-7D13B73358D4}.Release|x86.Deploy.0 = Release|Any CPU
		{8894FEFD-F390-4FAD-AB64-AF4C4D24582C}.Ad-Hoc|Any CPU.ActiveCfg = Release|x86
		{8894FEFD-F390-4FAD-AB64-AF4C4D24582C}.Ad-Hoc|Any CPU.Build.0 = Release|x86
		{8894FEFD-F390-4FAD-AB64-AF4C4D24582C}.Ad-Hoc|Any CPU.Deploy.0 = Release|x86
		{8894FEFD-F390-4FAD-AB64-AF4C4D24582C}.Ad-Hoc|ARM.ActiveCfg = Release|ARM
		{8894FEFD-F390-4FAD-AB64-AF4C4D24582C}.Ad-Hoc|ARM.Build.0 = Release|ARM
		{8894FEFD-F390-4FAD-AB64-AF4C4D24582C}.Ad-Hoc|ARM.Deploy.0 = Release|ARM
		{8894FEFD-F390-4FAD-AB64-AF4C4D24582C}.Ad-Hoc|iPhone.ActiveCfg = Release|x86
		{8894FEFD-F390-4FAD-AB64-AF4C4D24582C}.Ad-Hoc|iPhone.Build.0 = Release|x86
		{8894FEFD-F390-4FAD-AB64-AF4C4D24582C}.Ad-Hoc|iPhone.Deploy.0 = Release|x86
		{8894FEFD-F390-4FAD-AB64-AF4C4D24582C}.Ad-Hoc|iPhoneSimulator.ActiveCfg = Release|x86
		{8894FEFD-F390-4FAD-AB64-AF4C4D24582C}.Ad-Hoc|iPhoneSimulator.Build.0 = Release|x86
		{8894FEFD-F390-4FAD-AB64-AF4C4D24582C}.Ad-Hoc|iPhoneSimulator.Deploy.0 = Release|x86
		{8894FEFD-F390-4FAD-AB64-AF4C4D24582C}.Ad-Hoc|x64.ActiveCfg = Release|x64
		{8894FEFD-F390-4FAD-AB64-AF4C4D24582C}.Ad-Hoc|x64.Build.0 = Release|x64
		{8894FEFD-F390-4FAD-AB64-AF4C4D24582C}.Ad-Hoc|x64.Deploy.0 = Release|x64
		{8894FEFD-F390-4FAD-AB64-AF4C4D24582C}.Ad-Hoc|x86.ActiveCfg = Release|x86
		{8894FEFD-F390-4FAD-AB64-AF4C4D24582C}.Ad-Hoc|x86.Build.0 = Release|x86
		{8894FEFD-F390-4FAD-AB64-AF4C4D24582C}.Ad-Hoc|x86.Deploy.0 = Release|x86
		{8894FEFD-F390-4FAD-AB64-AF4C4D24582C}.AppStore|Any CPU.ActiveCfg = Release|x86
		{8894FEFD-F390-4FAD-AB64-AF4C4D24582C}.AppStore|Any CPU.Build.0 = Release|x86
		{8894FEFD-F390-4FAD-AB64-AF4C4D24582C}.AppStore|Any CPU.Deploy.0 = Release|x86
		{8894FEFD-F390-4FAD-AB64-AF4C4D24582C}.AppStore|ARM.ActiveCfg = Release|ARM
		{8894FEFD-F390-4FAD-AB64-AF4C4D24582C}.AppStore|ARM.Build.0 = Release|ARM
		{8894FEFD-F390-4FAD-AB64-AF4C4D24582C}.AppStore|ARM.Deploy.0 = Release|ARM
		{8894FEFD-F390-4FAD-AB64-AF4C4D24582C}.AppStore|iPhone.ActiveCfg = Release|x86
		{8894FEFD-F390-4FAD-AB64-AF4C4D24582C}.AppStore|iPhone.Build.0 = Release|x86
		{8894FEFD-F390-4FAD-AB64-AF4C4D24582C}.AppStore|iPhone.Deploy.0 = Release|x86
		{8894FEFD-F390-4FAD-AB64-AF4C4D24582C}.AppStore|iPhoneSimulator.ActiveCfg = Release|x86
		{8894FEFD-F390-4FAD-AB64-AF4C4D24582C}.AppStore|iPhoneSimulator.Build.0 = Release|x86
		{8894FEFD-F390-4FAD-AB64-AF4C4D24582C}.AppStore|iPhoneSimulator.Deploy.0 = Release|x86
		{8894FEFD-F390-4FAD-AB64-AF4C4D24582C}.AppStore|x64.ActiveCfg = Release|x64
		{8894FEFD-F390-4FAD-AB64-AF4C4D24582C}.AppStore|x64.Build.0 = Release|x64
		{8894FEFD-F390-4FAD-AB64-AF4C4D24582C}.AppStore|x64.Deploy.0 = Release|x64
		{8894FEFD-F390-4FAD-AB64-AF4C4D24582C}.AppStore|x86.ActiveCfg = Release|x86
		{8894FEFD-F390-4FAD-AB64-AF4C4D24582C}.AppStore|x86.Build.0 = Release|x86
		{8894FEFD-F390-4FAD-AB64-AF4C4D24582C}.AppStore|x86.Deploy.0 = Release|x86
		{8894FEFD-F390-4FAD-AB64-AF4C4D24582C}.Debug|Any CPU.ActiveCfg = Debug|x86
		{8894FEFD-F390-4FAD-AB64-AF4C4D24582C}.Debug|ARM.ActiveCfg = Debug|ARM
		{8894FEFD-F390-4FAD-AB64-AF4C4D24582C}.Debug|ARM.Build.0 = Debug|ARM
		{8894FEFD-F390-4FAD-AB64-AF4C4D24582C}.Debug|ARM.Deploy.0 = Debug|ARM
		{8894FEFD-F390-4FAD-AB64-AF4C4D24582C}.Debug|iPhone.ActiveCfg = Debug|x86
		{8894FEFD-F390-4FAD-AB64-AF4C4D24582C}.Debug|iPhoneSimulator.ActiveCfg = Debug|x86
		{8894FEFD-F390-4FAD-AB64-AF4C4D24582C}.Debug|x64.ActiveCfg = Debug|x64
		{8894FEFD-F390-4FAD-AB64-AF4C4D24582C}.Debug|x64.Build.0 = Debug|x64
		{8894FEFD-F390-4FAD-AB64-AF4C4D24582C}.Debug|x64.Deploy.0 = Debug|x64
		{8894FEFD-F390-4FAD-AB64-AF4C4D24582C}.Debug|x86.ActiveCfg = Debug|x86
		{8894FEFD-F390-4FAD-AB64-AF4C4D24582C}.Debug|x86.Build.0 = Debug|x86
		{8894FEFD-F390-4FAD-AB64-AF4C4D24582C}.Debug|x86.Deploy.0 = Debug|x86
		{8894FEFD-F390-4FAD-AB64-AF4C4D24582C}.Release|Any CPU.ActiveCfg = Release|x86
		{8894FEFD-F390-4FAD-AB64-AF4C4D24582C}.Release|ARM.ActiveCfg = Release|ARM
		{8894FEFD-F390-4FAD-AB64-AF4C4D24582C}.Release|ARM.Build.0 = Release|ARM
		{8894FEFD-F390-4FAD-AB64-AF4C4D24582C}.Release|ARM.Deploy.0 = Release|ARM
		{8894FEFD-F390-4FAD-AB64-AF4C4D24582C}.Release|iPhone.ActiveCfg = Release|x86
		{8894FEFD-F390-4FAD-AB64-AF4C4D24582C}.Release|iPhoneSimulator.ActiveCfg = Release|x86
		{8894FEFD-F390-4FAD-AB64-AF4C4D24582C}.Release|x64.ActiveCfg = Release|x64
		{8894FEFD-F390-4FAD-AB64-AF4C4D24582C}.Release|x64.Build.0 = Release|x64
		{8894FEFD-F390-4FAD-AB64-AF4C4D24582C}.Release|x64.Deploy.0 = Release|x64
		{8894FEFD-F390-4FAD-AB64-AF4C4D24582C}.Release|x86.ActiveCfg = Release|x86
		{8894FEFD-F390-4FAD-AB64-AF4C4D24582C}.Release|x86.Build.0 = Release|x86
		{8894FEFD-F390-4FAD-AB64-AF4C4D24582C}.Release|x86.Deploy.0 = Release|x86
	EndGlobalSection
	GlobalSection(SolutionProperties) = preSolution
		HideSolutionNode = FALSE
	EndGlobalSection
	GlobalSection(ExtensibilityGlobals) = postSolution
		SolutionGuid = {FEB6E599-37CF-424F-B13D-C15597D1F7E4}
	EndGlobalSection
EndGlobal
